
Microsoft Visual Studio Solution File, Format Version 12.00
# Visual Studio Version 16
VisualStudioVersion = 16.0.29728.190
MinimumVisualStudioVersion = 10.0.40219.1
Project("{9A19103F-16F7-4668-BE54-9A1E7A4F7556}") = "UserApiWeb", "TestProject\UserApiWeb.csproj", "{500491BA-E489-49A0-8A33-F77270EA48AA}"
EndProject
Project("{FAE04EC0-301F-11D3-BF4B-00C04F79EFBC}") = "UserApiClient", "ClassLibrary\UserApiClient.csproj", "{ACC90944-DF59-476F-AA24-0571F6960DDE}"
EndProject
Project("{FAE04EC0-301F-11D3-BF4B-00C04F79EFBC}") = "UserApiClientApp", "UserApiClientApp\UserApiClientApp.csproj", "{1F40176D-1E0F-427C-855E-9D41A09138E3}"
EndProject
Project("{FAE04EC0-301F-11D3-BF4B-00C04F79EFBC}") = "UserApiModels", "UserApiModels\UserApiModels.csproj", "{D6226511-A536-4F1C-AB1D-4BFCE7F2BF17}"
EndProject
Global
	GlobalSection(SolutionConfigurationPlatforms) = preSolution
		Debug|Any CPU = Debug|Any CPU
		Release|Any CPU = Release|Any CPU
	EndGlobalSection
	GlobalSection(ProjectConfigurationPlatforms) = postSolution
		{500491BA-E489-49A0-8A33-F77270EA48AA}.Debug|Any CPU.ActiveCfg = Debug|Any CPU
		{500491BA-E489-49A0-8A33-F77270EA48AA}.Debug|Any CPU.Build.0 = Debug|Any CPU
		{500491BA-E489-49A0-8A33-F77270EA48AA}.Release|Any CPU.ActiveCfg = Release|Any CPU
		{500491BA-E489-49A0-8A33-F77270EA48AA}.Release|Any CPU.Build.0 = Release|Any CPU
		{ACC90944-DF59-476F-AA24-0571F6960DDE}.Debug|Any CPU.ActiveCfg = Debug|Any CPU
		{ACC90944-DF59-476F-AA24-0571F6960DDE}.Debug|Any CPU.Build.0 = Debug|Any CPU
		{ACC90944-DF59-476F-AA24-0571F6960DDE}.Release|Any CPU.ActiveCfg = Release|Any CPU
		{ACC90944-DF59-476F-AA24-0571F6960DDE}.Release|Any CPU.Build.0 = Release|Any CPU
		{1F40176D-1E0F-427C-855E-9D41A09138E3}.Debug|Any CPU.ActiveCfg = Debug|Any CPU
		{1F40176D-1E0F-427C-855E-9D41A09138E3}.Debug|Any CPU.Build.0 = Debug|Any CPU
		{1F40176D-1E0F-427C-855E-9D41A09138E3}.Release|Any CPU.ActiveCfg = Release|Any CPU
		{1F40176D-1E0F-427C-855E-9D41A09138E3}.Release|Any CPU.Build.0 = Release|Any CPU
		{D6226511-A536-4F1C-AB1D-4BFCE7F2BF17}.Debug|Any CPU.ActiveCfg = Debug|Any CPU
		{D6226511-A536-4F1C-AB1D-4BFCE7F2BF17}.Debug|Any CPU.Build.0 = Debug|Any CPU
		{D6226511-A536-4F1C-AB1D-4BFCE7F2BF17}.Release|Any CPU.ActiveCfg = Release|Any CPU
		{D6226511-A536-4F1C-AB1D-4BFCE7F2BF17}.Release|Any CPU.Build.0 = Release|Any CPU
	EndGlobalSection
	GlobalSection(SolutionProperties) = preSolution
		HideSolutionNode = FALSE
	EndGlobalSection
	GlobalSection(ExtensibilityGlobals) = postSolution
		SolutionGuid = {916A7AF2-D9FA-4084-A78E-31729181A7E1}
	EndGlobalSection
EndGlobal
